
Microsoft Visual Studio Solution File, Format Version 12.00
# Visual Studio Version 17
VisualStudioVersion = 17.13.35825.156 d17.13
MinimumVisualStudioVersion = 10.0.40219.1
Project("{FAE04EC0-301F-11D3-BF4B-00C04F79EFBC}") = "WpfUserCtrl", "WpfUserCtrl.csproj", "{34B71B54-097F-4223-BDEE-B9FF26E5EE5D}"
EndProject
Global
	GlobalSection(SolutionConfigurationPlatforms) = preSolution
		Debug|Any CPU = Debug|Any CPU
		Release|Any CPU = Release|Any CPU
	EndGlobalSection
	GlobalSection(ProjectConfigurationPlatforms) = postSolution
		{34B71B54-097F-4223-BDEE-B9FF26E5EE5D}.Debug|Any CPU.ActiveCfg = Debug|Any CPU
		{34B71B54-097F-4223-BDEE-B9FF26E5EE5D}.Debug|Any CPU.Build.0 = Debug|Any CPU
		{34B71B54-097F-4223-BDEE-B9FF26E5EE5D}.Release|Any CPU.ActiveCfg = Release|Any CPU
		{34B71B54-097F-4223-BDEE-B9FF26E5EE5D}.Release|Any CPU.Build.0 = Release|Any CPU
	EndGlobalSection
	GlobalSection(SolutionProperties) = preSolution
		HideSolutionNode = FALSE
	EndGlobalSection
	GlobalSection(ExtensibilityGlobals) = postSolution
		SolutionGuid = {907A52E8-30A0-40B1-8FE4-EF342E480498}
	EndGlobalSection
EndGlobal
