
Microsoft Visual Studio Solution File, Format Version 12.00
# Visual Studio Version 17
VisualStudioVersion = 17.13.35825.156 d17.13
MinimumVisualStudioVersion = 10.0.40219.1
Project("{FAE04EC0-301F-11D3-BF4B-00C04F79EFBC}") = "ExpenseIt", "ExpenseIt.csproj", "{59B591BF-F449-4D93-95B5-5AAE873931CB}"
EndProject
Global
	GlobalSection(SolutionConfigurationPlatforms) = preSolution
		Debug|Any CPU = Debug|Any CPU
		Release|Any CPU = Release|Any CPU
	EndGlobalSection
	GlobalSection(ProjectConfigurationPlatforms) = postSolution
		{59B591BF-F449-4D93-95B5-5AAE873931CB}.Debug|Any CPU.ActiveCfg = Debug|Any CPU
		{59B591BF-F449-4D93-95B5-5AAE873931CB}.Debug|Any CPU.Build.0 = Debug|Any CPU
		{59B591BF-F449-4D93-95B5-5AAE873931CB}.Release|Any CPU.ActiveCfg = Release|Any CPU
		{59B591BF-F449-4D93-95B5-5AAE873931CB}.Release|Any CPU.Build.0 = Release|Any CPU
	EndGlobalSection
	GlobalSection(SolutionProperties) = preSolution
		HideSolutionNode = FALSE
	EndGlobalSection
	GlobalSection(ExtensibilityGlobals) = postSolution
		SolutionGuid = {56BAF620-D401-404A-BCD3-83624932124B}
	EndGlobalSection
EndGlobal
