
Microsoft Visual Studio Solution File, Format Version 12.00
# Visual Studio Version 17
VisualStudioVersion = 17.13.35825.156 d17.13
MinimumVisualStudioVersion = 10.0.40219.1
Project("{FAE04EC0-301F-11D3-BF4B-00C04F79EFBC}") = "WpfAppParam", "WpfAppParam.csproj", "{9284A0A9-CBFB-4DBB-8878-7DF9CBB45C40}"
EndProject
Global
	GlobalSection(SolutionConfigurationPlatforms) = preSolution
		Debug|Any CPU = Debug|Any CPU
		Release|Any CPU = Release|Any CPU
	EndGlobalSection
	GlobalSection(ProjectConfigurationPlatforms) = postSolution
		{9284A0A9-CBFB-4DBB-8878-7DF9CBB45C40}.Debug|Any CPU.ActiveCfg = Debug|Any CPU
		{9284A0A9-CBFB-4DBB-8878-7DF9CBB45C40}.Debug|Any CPU.Build.0 = Debug|Any CPU
		{9284A0A9-CBFB-4DBB-8878-7DF9CBB45C40}.Release|Any CPU.ActiveCfg = Release|Any CPU
		{9284A0A9-CBFB-4DBB-8878-7DF9CBB45C40}.Release|Any CPU.Build.0 = Release|Any CPU
	EndGlobalSection
	GlobalSection(SolutionProperties) = preSolution
		HideSolutionNode = FALSE
	EndGlobalSection
	GlobalSection(ExtensibilityGlobals) = postSolution
		SolutionGuid = {9A269A11-CACD-4ACB-9FD0-D45216E2B54B}
	EndGlobalSection
EndGlobal
