
Microsoft Visual Studio Solution File, Format Version 12.00
# Visual Studio Version 17
VisualStudioVersion = 17.13.35825.156 d17.13
MinimumVisualStudioVersion = 10.0.40219.1
Project("{FAE04EC0-301F-11D3-BF4B-00C04F79EFBC}") = "WpfInkPad", "WpfInkPad.csproj", "{A5336B57-6B21-4742-8EAD-666D4BF9011D}"
EndProject
Global
	GlobalSection(SolutionConfigurationPlatforms) = preSolution
		Debug|Any CPU = Debug|Any CPU
		Release|Any CPU = Release|Any CPU
	EndGlobalSection
	GlobalSection(ProjectConfigurationPlatforms) = postSolution
		{A5336B57-6B21-4742-8EAD-666D4BF9011D}.Debug|Any CPU.ActiveCfg = Debug|Any CPU
		{A5336B57-6B21-4742-8EAD-666D4BF9011D}.Debug|Any CPU.Build.0 = Debug|Any CPU
		{A5336B57-6B21-4742-8EAD-666D4BF9011D}.Release|Any CPU.ActiveCfg = Release|Any CPU
		{A5336B57-6B21-4742-8EAD-666D4BF9011D}.Release|Any CPU.Build.0 = Release|Any CPU
	EndGlobalSection
	GlobalSection(SolutionProperties) = preSolution
		HideSolutionNode = FALSE
	EndGlobalSection
	GlobalSection(ExtensibilityGlobals) = postSolution
		SolutionGuid = {51FF7592-F2BE-439D-9323-7C28CA22C29B}
	EndGlobalSection
EndGlobal
