
Microsoft Visual Studio Solution File, Format Version 12.00
# Visual Studio Version 17
VisualStudioVersion = 17.13.35825.156 d17.13
MinimumVisualStudioVersion = 10.0.40219.1
Project("{FAE04EC0-301F-11D3-BF4B-00C04F79EFBC}") = "WpfWinForms", "WpfWinForms.csproj", "{1DEF4818-C270-4F88-85C0-BEA701071144}"
EndProject
Global
	GlobalSection(SolutionConfigurationPlatforms) = preSolution
		Debug|Any CPU = Debug|Any CPU
		Release|Any CPU = Release|Any CPU
	EndGlobalSection
	GlobalSection(ProjectConfigurationPlatforms) = postSolution
		{1DEF4818-C270-4F88-85C0-BEA701071144}.Debug|Any CPU.ActiveCfg = Debug|Any CPU
		{1DEF4818-C270-4F88-85C0-BEA701071144}.Debug|Any CPU.Build.0 = Debug|Any CPU
		{1DEF4818-C270-4F88-85C0-BEA701071144}.Release|Any CPU.ActiveCfg = Release|Any CPU
		{1DEF4818-C270-4F88-85C0-BEA701071144}.Release|Any CPU.Build.0 = Release|Any CPU
	EndGlobalSection
	GlobalSection(SolutionProperties) = preSolution
		HideSolutionNode = FALSE
	EndGlobalSection
	GlobalSection(ExtensibilityGlobals) = postSolution
		SolutionGuid = {989E3499-8D8C-47E2-9F17-9C0703FC648B}
	EndGlobalSection
EndGlobal
